
Microsoft Visual Studio Solution File, Format Version 12.00
# Visual Studio Version 17
VisualStudioVersion = 17.6.33801.468
MinimumVisualStudioVersion = 10.0.40219.1
Project("{FAE04EC0-301F-11D3-BF4B-00C04F79EFBC}") = "factory-method-demo", "factory-method-demo\factory-method-demo.csproj", "{B4FAD4E5-579C-4816-BF0F-F33DD4156DF3}"
EndProject
Global
	GlobalSection(SolutionConfigurationPlatforms) = preSolution
		Debug|Any CPU = Debug|Any CPU
		Release|Any CPU = Release|Any CPU
	EndGlobalSection
	GlobalSection(ProjectConfigurationPlatforms) = postSolution
		{B4FAD4E5-579C-4816-BF0F-F33DD4156DF3}.Debug|Any CPU.ActiveCfg = Debug|Any CPU
		{B4FAD4E5-579C-4816-BF0F-F33DD4156DF3}.Debug|Any CPU.Build.0 = Debug|Any CPU
		{B4FAD4E5-579C-4816-BF0F-F33DD4156DF3}.Release|Any CPU.ActiveCfg = Release|Any CPU
		{B4FAD4E5-579C-4816-BF0F-F33DD4156DF3}.Release|Any CPU.Build.0 = Release|Any CPU
	EndGlobalSection
	GlobalSection(SolutionProperties) = preSolution
		HideSolutionNode = FALSE
	EndGlobalSection
	GlobalSection(ExtensibilityGlobals) = postSolution
		SolutionGuid = {458D31FE-E5AF-41DB-AB80-111E6C9885C8}
	EndGlobalSection
EndGlobal
