
Microsoft Visual Studio Solution File, Format Version 12.00
# Visual Studio Version 17
VisualStudioVersion = 17.6.33815.320
MinimumVisualStudioVersion = 10.0.40219.1
Project("{FAE04EC0-301F-11D3-BF4B-00C04F79EFBC}") = "observer-demo", "observer-demo\observer-demo.csproj", "{B2AAC726-5EDB-4995-8630-CF7346E5F62A}"
EndProject
Global
	GlobalSection(SolutionConfigurationPlatforms) = preSolution
		Debug|Any CPU = Debug|Any CPU
		Release|Any CPU = Release|Any CPU
	EndGlobalSection
	GlobalSection(ProjectConfigurationPlatforms) = postSolution
		{B2AAC726-5EDB-4995-8630-CF7346E5F62A}.Debug|Any CPU.ActiveCfg = Debug|Any CPU
		{B2AAC726-5EDB-4995-8630-CF7346E5F62A}.Debug|Any CPU.Build.0 = Debug|Any CPU
		{B2AAC726-5EDB-4995-8630-CF7346E5F62A}.Release|Any CPU.ActiveCfg = Release|Any CPU
		{B2AAC726-5EDB-4995-8630-CF7346E5F62A}.Release|Any CPU.Build.0 = Release|Any CPU
	EndGlobalSection
	GlobalSection(SolutionProperties) = preSolution
		HideSolutionNode = FALSE
	EndGlobalSection
	GlobalSection(ExtensibilityGlobals) = postSolution
		SolutionGuid = {B99B770D-8484-4F3D-816F-C8F2A78FE595}
	EndGlobalSection
EndGlobal
