
Microsoft Visual Studio Solution File, Format Version 12.00
# Visual Studio Version 17
VisualStudioVersion = 17.6.33815.320
MinimumVisualStudioVersion = 10.0.40219.1
Project("{FAE04EC0-301F-11D3-BF4B-00C04F79EFBC}") = "composite-demo", "composite-demo\composite-demo.csproj", "{8AD8DDEF-AA1F-4E69-8A87-9908F0430E6D}"
EndProject
Global
	GlobalSection(SolutionConfigurationPlatforms) = preSolution
		Debug|Any CPU = Debug|Any CPU
		Release|Any CPU = Release|Any CPU
	EndGlobalSection
	GlobalSection(ProjectConfigurationPlatforms) = postSolution
		{8AD8DDEF-AA1F-4E69-8A87-9908F0430E6D}.Debug|Any CPU.ActiveCfg = Debug|Any CPU
		{8AD8DDEF-AA1F-4E69-8A87-9908F0430E6D}.Debug|Any CPU.Build.0 = Debug|Any CPU
		{8AD8DDEF-AA1F-4E69-8A87-9908F0430E6D}.Release|Any CPU.ActiveCfg = Release|Any CPU
		{8AD8DDEF-AA1F-4E69-8A87-9908F0430E6D}.Release|Any CPU.Build.0 = Release|Any CPU
	EndGlobalSection
	GlobalSection(SolutionProperties) = preSolution
		HideSolutionNode = FALSE
	EndGlobalSection
	GlobalSection(ExtensibilityGlobals) = postSolution
		SolutionGuid = {374C9FC8-D586-4E17-AEF3-C8446393BEAC}
	EndGlobalSection
EndGlobal
