
Microsoft Visual Studio Solution File, Format Version 12.00
# Visual Studio Version 17
VisualStudioVersion = 17.6.33815.320
MinimumVisualStudioVersion = 10.0.40219.1
Project("{FAE04EC0-301F-11D3-BF4B-00C04F79EFBC}") = "memento-demo", "memento-demo\memento-demo.csproj", "{3AE46381-7542-42DB-9CAD-7D090B73C95B}"
EndProject
Global
	GlobalSection(SolutionConfigurationPlatforms) = preSolution
		Debug|Any CPU = Debug|Any CPU
		Release|Any CPU = Release|Any CPU
	EndGlobalSection
	GlobalSection(ProjectConfigurationPlatforms) = postSolution
		{3AE46381-7542-42DB-9CAD-7D090B73C95B}.Debug|Any CPU.ActiveCfg = Debug|Any CPU
		{3AE46381-7542-42DB-9CAD-7D090B73C95B}.Debug|Any CPU.Build.0 = Debug|Any CPU
		{3AE46381-7542-42DB-9CAD-7D090B73C95B}.Release|Any CPU.ActiveCfg = Release|Any CPU
		{3AE46381-7542-42DB-9CAD-7D090B73C95B}.Release|Any CPU.Build.0 = Release|Any CPU
	EndGlobalSection
	GlobalSection(SolutionProperties) = preSolution
		HideSolutionNode = FALSE
	EndGlobalSection
	GlobalSection(ExtensibilityGlobals) = postSolution
		SolutionGuid = {574B8FBA-1C34-4DCA-A0E9-8E14D37E38B4}
	EndGlobalSection
EndGlobal
