
Microsoft Visual Studio Solution File, Format Version 12.00
# Visual Studio Version 17
VisualStudioVersion = 17.6.33815.320
MinimumVisualStudioVersion = 10.0.40219.1
Project("{FAE04EC0-301F-11D3-BF4B-00C04F79EFBC}") = "state-demo", "state-demo\state-demo.csproj", "{C5E873C3-1A5A-47A4-BA54-BF925E3CB6CD}"
EndProject
Global
	GlobalSection(SolutionConfigurationPlatforms) = preSolution
		Debug|Any CPU = Debug|Any CPU
		Release|Any CPU = Release|Any CPU
	EndGlobalSection
	GlobalSection(ProjectConfigurationPlatforms) = postSolution
		{C5E873C3-1A5A-47A4-BA54-BF925E3CB6CD}.Debug|Any CPU.ActiveCfg = Debug|Any CPU
		{C5E873C3-1A5A-47A4-BA54-BF925E3CB6CD}.Debug|Any CPU.Build.0 = Debug|Any CPU
		{C5E873C3-1A5A-47A4-BA54-BF925E3CB6CD}.Release|Any CPU.ActiveCfg = Release|Any CPU
		{C5E873C3-1A5A-47A4-BA54-BF925E3CB6CD}.Release|Any CPU.Build.0 = Release|Any CPU
	EndGlobalSection
	GlobalSection(SolutionProperties) = preSolution
		HideSolutionNode = FALSE
	EndGlobalSection
	GlobalSection(ExtensibilityGlobals) = postSolution
		SolutionGuid = {2403AF7F-6DFF-4FED-8E97-E95EE65EC6C8}
	EndGlobalSection
EndGlobal
