
Microsoft Visual Studio Solution File, Format Version 12.00
# Visual Studio Version 17
VisualStudioVersion = 17.6.33801.468
MinimumVisualStudioVersion = 10.0.40219.1
Project("{FAE04EC0-301F-11D3-BF4B-00C04F79EFBC}") = "facade-demo", "facade-demo\facade-demo.csproj", "{EA42C001-8062-4013-956E-C17E69033F5B}"
EndProject
Global
	GlobalSection(SolutionConfigurationPlatforms) = preSolution
		Debug|Any CPU = Debug|Any CPU
		Release|Any CPU = Release|Any CPU
	EndGlobalSection
	GlobalSection(ProjectConfigurationPlatforms) = postSolution
		{EA42C001-8062-4013-956E-C17E69033F5B}.Debug|Any CPU.ActiveCfg = Debug|Any CPU
		{EA42C001-8062-4013-956E-C17E69033F5B}.Debug|Any CPU.Build.0 = Debug|Any CPU
		{EA42C001-8062-4013-956E-C17E69033F5B}.Release|Any CPU.ActiveCfg = Release|Any CPU
		{EA42C001-8062-4013-956E-C17E69033F5B}.Release|Any CPU.Build.0 = Release|Any CPU
	EndGlobalSection
	GlobalSection(SolutionProperties) = preSolution
		HideSolutionNode = FALSE
	EndGlobalSection
	GlobalSection(ExtensibilityGlobals) = postSolution
		SolutionGuid = {56061CE1-1494-45FE-B4CE-88BEAC772B81}
	EndGlobalSection
EndGlobal
