
Microsoft Visual Studio Solution File, Format Version 12.00
# Visual Studio Version 17
VisualStudioVersion = 17.6.33815.320
MinimumVisualStudioVersion = 10.0.40219.1
Project("{FAE04EC0-301F-11D3-BF4B-00C04F79EFBC}") = "null-object-demo", "null-object-demo\null-object-demo.csproj", "{622919FF-E513-4E89-9202-F48912AA7289}"
EndProject
Global
	GlobalSection(SolutionConfigurationPlatforms) = preSolution
		Debug|Any CPU = Debug|Any CPU
		Release|Any CPU = Release|Any CPU
	EndGlobalSection
	GlobalSection(ProjectConfigurationPlatforms) = postSolution
		{622919FF-E513-4E89-9202-F48912AA7289}.Debug|Any CPU.ActiveCfg = Debug|Any CPU
		{622919FF-E513-4E89-9202-F48912AA7289}.Debug|Any CPU.Build.0 = Debug|Any CPU
		{622919FF-E513-4E89-9202-F48912AA7289}.Release|Any CPU.ActiveCfg = Release|Any CPU
		{622919FF-E513-4E89-9202-F48912AA7289}.Release|Any CPU.Build.0 = Release|Any CPU
	EndGlobalSection
	GlobalSection(SolutionProperties) = preSolution
		HideSolutionNode = FALSE
	EndGlobalSection
	GlobalSection(ExtensibilityGlobals) = postSolution
		SolutionGuid = {C6DD5443-6934-4CD8-A839-8772B241229D}
	EndGlobalSection
EndGlobal
